
Microsoft Visual Studio Solution File, Format Version 12.00
# Visual Studio 15
VisualStudioVersion = 15.0.28010.2046
MinimumVisualStudioVersion = 10.0.40219.1
Project("{FAE04EC0-301F-11D3-BF4B-00C04F79EFBC}") = "Epiphyllum.TemanRS.Web.Api", "Epiphyllum.TemanRS.Web.Api\Epiphyllum.TemanRS.Web.Api.csproj", "{607CAD76-923F-456D-B041-53105D6B7A80}"
	ProjectSection(ProjectDependencies) = postProject
		{84271A00-B480-4E94-AF8C-A19FD8C8B2D2} = {84271A00-B480-4E94-AF8C-A19FD8C8B2D2}
		{2A7B1C53-A98D-4F26-8A7E-5921AEB7C1AF} = {2A7B1C53-A98D-4F26-8A7E-5921AEB7C1AF}
		{E6E93AB2-A0C6-49C3-B566-FC52E96E8045} = {E6E93AB2-A0C6-49C3-B566-FC52E96E8045}
		{70BE19CA-7100-41BA-A27A-1366C7CDFFAF} = {70BE19CA-7100-41BA-A27A-1366C7CDFFAF}
	EndProjectSection
EndProject
Project("{2150E333-8FDC-42A3-9474-1A3956D46DE8}") = "Libraries", "Libraries", "{FF4E329D-0667-4345-935D-74CFC59C12A5}"
EndProject
Project("{2150E333-8FDC-42A3-9474-1A3956D46DE8}") = "Presentation", "Presentation", "{FC716E68-D4C8-497A-9F82-51490DB6CCB6}"
EndProject
Project("{2150E333-8FDC-42A3-9474-1A3956D46DE8}") = "Tests", "Tests", "{F027A017-025E-431C-A7B7-11A134F2CEAA}"
EndProject
Project("{FAE04EC0-301F-11D3-BF4B-00C04F79EFBC}") = "Epiphyllum.TemanRS.Tests", "Epiphyllum.TemanRS.Tests\Epiphyllum.TemanRS.Tests.csproj", "{75485123-E66E-49D7-A4F3-67A24F80343C}"
	ProjectSection(ProjectDependencies) = postProject
		{84271A00-B480-4E94-AF8C-A19FD8C8B2D2} = {84271A00-B480-4E94-AF8C-A19FD8C8B2D2}
		{21F5F400-CD44-4708-8288-0A63A723030F} = {21F5F400-CD44-4708-8288-0A63A723030F}
		{2A7B1C53-A98D-4F26-8A7E-5921AEB7C1AF} = {2A7B1C53-A98D-4F26-8A7E-5921AEB7C1AF}
		{607CAD76-923F-456D-B041-53105D6B7A80} = {607CAD76-923F-456D-B041-53105D6B7A80}
		{E6E93AB2-A0C6-49C3-B566-FC52E96E8045} = {E6E93AB2-A0C6-49C3-B566-FC52E96E8045}
		{70BE19CA-7100-41BA-A27A-1366C7CDFFAF} = {70BE19CA-7100-41BA-A27A-1366C7CDFFAF}
	EndProjectSection
EndProject
Project("{FAE04EC0-301F-11D3-BF4B-00C04F79EFBC}") = "Epiphyllum.TemanRS.Web.App", "Epiphyllum.TemanRS.Web.App\Epiphyllum.TemanRS.Web.App.csproj", "{21F5F400-CD44-4708-8288-0A63A723030F}"
	ProjectSection(ProjectDependencies) = postProject
		{84271A00-B480-4E94-AF8C-A19FD8C8B2D2} = {84271A00-B480-4E94-AF8C-A19FD8C8B2D2}
		{2A7B1C53-A98D-4F26-8A7E-5921AEB7C1AF} = {2A7B1C53-A98D-4F26-8A7E-5921AEB7C1AF}
		{E6E93AB2-A0C6-49C3-B566-FC52E96E8045} = {E6E93AB2-A0C6-49C3-B566-FC52E96E8045}
		{70BE19CA-7100-41BA-A27A-1366C7CDFFAF} = {70BE19CA-7100-41BA-A27A-1366C7CDFFAF}
	EndProjectSection
EndProject
Project("{FAE04EC0-301F-11D3-BF4B-00C04F79EFBC}") = "Epiphyllum.TemanRS.Models", "Epiphyllum.TemanRS.Models\Epiphyllum.TemanRS.Models.csproj", "{E6E93AB2-A0C6-49C3-B566-FC52E96E8045}"
	ProjectSection(ProjectDependencies) = postProject
		{2A7B1C53-A98D-4F26-8A7E-5921AEB7C1AF} = {2A7B1C53-A98D-4F26-8A7E-5921AEB7C1AF}
	EndProjectSection
EndProject
Project("{FAE04EC0-301F-11D3-BF4B-00C04F79EFBC}") = "Epiphyllum.TemanRS.Repositories", "Epiphyllum.TemanRS.Repositories\Epiphyllum.TemanRS.Repositories.csproj", "{84271A00-B480-4E94-AF8C-A19FD8C8B2D2}"
	ProjectSection(ProjectDependencies) = postProject
		{2A7B1C53-A98D-4F26-8A7E-5921AEB7C1AF} = {2A7B1C53-A98D-4F26-8A7E-5921AEB7C1AF}
		{E6E93AB2-A0C6-49C3-B566-FC52E96E8045} = {E6E93AB2-A0C6-49C3-B566-FC52E96E8045}
	EndProjectSection
EndProject
Project("{FAE04EC0-301F-11D3-BF4B-00C04F79EFBC}") = "Epiphyllum.TemanRS.Services", "Epiphyllum.TemanRS.Services\Epiphyllum.TemanRS.Services.csproj", "{70BE19CA-7100-41BA-A27A-1366C7CDFFAF}"
	ProjectSection(ProjectDependencies) = postProject
		{84271A00-B480-4E94-AF8C-A19FD8C8B2D2} = {84271A00-B480-4E94-AF8C-A19FD8C8B2D2}
		{2A7B1C53-A98D-4F26-8A7E-5921AEB7C1AF} = {2A7B1C53-A98D-4F26-8A7E-5921AEB7C1AF}
		{E6E93AB2-A0C6-49C3-B566-FC52E96E8045} = {E6E93AB2-A0C6-49C3-B566-FC52E96E8045}
	EndProjectSection
EndProject
Project("{FAE04EC0-301F-11D3-BF4B-00C04F79EFBC}") = "Epiphyllum.TemanRS.Common", "Epiphyllum.TemanRS.Common\Epiphyllum.TemanRS.Common.csproj", "{2A7B1C53-A98D-4F26-8A7E-5921AEB7C1AF}"
EndProject
Global
	GlobalSection(SolutionConfigurationPlatforms) = preSolution
		Debug|Any CPU = Debug|Any CPU
		Release|Any CPU = Release|Any CPU
	EndGlobalSection
	GlobalSection(ProjectConfigurationPlatforms) = postSolution
		{607CAD76-923F-456D-B041-53105D6B7A80}.Debug|Any CPU.ActiveCfg = Debug|Any CPU
		{607CAD76-923F-456D-B041-53105D6B7A80}.Debug|Any CPU.Build.0 = Debug|Any CPU
		{607CAD76-923F-456D-B041-53105D6B7A80}.Release|Any CPU.ActiveCfg = Release|Any CPU
		{607CAD76-923F-456D-B041-53105D6B7A80}.Release|Any CPU.Build.0 = Release|Any CPU
		{75485123-E66E-49D7-A4F3-67A24F80343C}.Debug|Any CPU.ActiveCfg = Debug|Any CPU
		{75485123-E66E-49D7-A4F3-67A24F80343C}.Debug|Any CPU.Build.0 = Debug|Any CPU
		{75485123-E66E-49D7-A4F3-67A24F80343C}.Release|Any CPU.ActiveCfg = Release|Any CPU
		{75485123-E66E-49D7-A4F3-67A24F80343C}.Release|Any CPU.Build.0 = Release|Any CPU
		{21F5F400-CD44-4708-8288-0A63A723030F}.Debug|Any CPU.ActiveCfg = Debug|Any CPU
		{21F5F400-CD44-4708-8288-0A63A723030F}.Debug|Any CPU.Build.0 = Debug|Any CPU
		{21F5F400-CD44-4708-8288-0A63A723030F}.Release|Any CPU.ActiveCfg = Release|Any CPU
		{21F5F400-CD44-4708-8288-0A63A723030F}.Release|Any CPU.Build.0 = Release|Any CPU
		{E6E93AB2-A0C6-49C3-B566-FC52E96E8045}.Debug|Any CPU.ActiveCfg = Debug|Any CPU
		{E6E93AB2-A0C6-49C3-B566-FC52E96E8045}.Debug|Any CPU.Build.0 = Debug|Any CPU
		{E6E93AB2-A0C6-49C3-B566-FC52E96E8045}.Release|Any CPU.ActiveCfg = Release|Any CPU
		{E6E93AB2-A0C6-49C3-B566-FC52E96E8045}.Release|Any CPU.Build.0 = Release|Any CPU
		{84271A00-B480-4E94-AF8C-A19FD8C8B2D2}.Debug|Any CPU.ActiveCfg = Debug|Any CPU
		{84271A00-B480-4E94-AF8C-A19FD8C8B2D2}.Debug|Any CPU.Build.0 = Debug|Any CPU
		{84271A00-B480-4E94-AF8C-A19FD8C8B2D2}.Release|Any CPU.ActiveCfg = Release|Any CPU
		{84271A00-B480-4E94-AF8C-A19FD8C8B2D2}.Release|Any CPU.Build.0 = Release|Any CPU
		{70BE19CA-7100-41BA-A27A-1366C7CDFFAF}.Debug|Any CPU.ActiveCfg = Debug|Any CPU
		{70BE19CA-7100-41BA-A27A-1366C7CDFFAF}.Debug|Any CPU.Build.0 = Debug|Any CPU
		{70BE19CA-7100-41BA-A27A-1366C7CDFFAF}.Release|Any CPU.ActiveCfg = Release|Any CPU
		{70BE19CA-7100-41BA-A27A-1366C7CDFFAF}.Release|Any CPU.Build.0 = Release|Any CPU
		{2A7B1C53-A98D-4F26-8A7E-5921AEB7C1AF}.Debug|Any CPU.ActiveCfg = Debug|Any CPU
		{2A7B1C53-A98D-4F26-8A7E-5921AEB7C1AF}.Debug|Any CPU.Build.0 = Debug|Any CPU
		{2A7B1C53-A98D-4F26-8A7E-5921AEB7C1AF}.Release|Any CPU.ActiveCfg = Release|Any CPU
		{2A7B1C53-A98D-4F26-8A7E-5921AEB7C1AF}.Release|Any CPU.Build.0 = Release|Any CPU
	EndGlobalSection
	GlobalSection(SolutionProperties) = preSolution
		HideSolutionNode = FALSE
	EndGlobalSection
	GlobalSection(NestedProjects) = preSolution
		{607CAD76-923F-456D-B041-53105D6B7A80} = {FC716E68-D4C8-497A-9F82-51490DB6CCB6}
		{75485123-E66E-49D7-A4F3-67A24F80343C} = {F027A017-025E-431C-A7B7-11A134F2CEAA}
		{21F5F400-CD44-4708-8288-0A63A723030F} = {FC716E68-D4C8-497A-9F82-51490DB6CCB6}
		{E6E93AB2-A0C6-49C3-B566-FC52E96E8045} = {FF4E329D-0667-4345-935D-74CFC59C12A5}
		{84271A00-B480-4E94-AF8C-A19FD8C8B2D2} = {FF4E329D-0667-4345-935D-74CFC59C12A5}
		{70BE19CA-7100-41BA-A27A-1366C7CDFFAF} = {FF4E329D-0667-4345-935D-74CFC59C12A5}
		{2A7B1C53-A98D-4F26-8A7E-5921AEB7C1AF} = {FF4E329D-0667-4345-935D-74CFC59C12A5}
	EndGlobalSection
	GlobalSection(ExtensibilityGlobals) = postSolution
		SolutionGuid = {F5DB785D-734E-4299-A1C6-C85D408ED598}
	EndGlobalSection
EndGlobal
