
Microsoft Visual Studio Solution File, Format Version 12.00
# Visual Studio 15
VisualStudioVersion = 15.0.28010.2046
MinimumVisualStudioVersion = 10.0.40219.1
Project("{2150E333-8FDC-42A3-9474-1A3956D46DE8}") = "Presentation", "Presentation", "{DFA4B553-8BF0-4714-986F-3EFE23003633}"
EndProject
Project("{FAE04EC0-301F-11D3-BF4B-00C04F79EFBC}") = "Epiphyllum.TemanRS.Web.Api", "Presentation\Epiphyllum.TemanRS.Web.Api\Epiphyllum.TemanRS.Web.Api.csproj", "{705CC5F1-0690-4603-854E-D944B6D69016}"
EndProject
Project("{2150E333-8FDC-42A3-9474-1A3956D46DE8}") = "Libraries", "Libraries", "{595D9AA9-79DD-4DFE-A93D-10C323019A3D}"
EndProject
Project("{FAE04EC0-301F-11D3-BF4B-00C04F79EFBC}") = "Epiphyllum.TemanRS.Repositories", "Libraries\Epiphyllum.TemanRS.Repositories\Epiphyllum.TemanRS.Repositories.csproj", "{F4194556-E017-47C7-A76C-2C32A009CF9E}"
EndProject
Project("{FAE04EC0-301F-11D3-BF4B-00C04F79EFBC}") = "Epiphyllum.TemanRS.Services", "Libraries\Epiphyllum.TemanRS.Services\Epiphyllum.TemanRS.Services.csproj", "{21F00F47-595D-4E1D-8C81-702C3017DA27}"
EndProject
Project("{FAE04EC0-301F-11D3-BF4B-00C04F79EFBC}") = "Epiphyllum.TemanRS.Common", "Libraries\Epiphyllum.TemanRS.Common\Epiphyllum.TemanRS.Common.csproj", "{BE6B7345-AF15-4EDE-89B5-B828932094E6}"
EndProject
Global
	GlobalSection(SolutionConfigurationPlatforms) = preSolution
		Debug|Any CPU = Debug|Any CPU
		Release|Any CPU = Release|Any CPU
	EndGlobalSection
	GlobalSection(ProjectConfigurationPlatforms) = postSolution
		{705CC5F1-0690-4603-854E-D944B6D69016}.Debug|Any CPU.ActiveCfg = Debug|Any CPU
		{705CC5F1-0690-4603-854E-D944B6D69016}.Debug|Any CPU.Build.0 = Debug|Any CPU
		{705CC5F1-0690-4603-854E-D944B6D69016}.Release|Any CPU.ActiveCfg = Release|Any CPU
		{705CC5F1-0690-4603-854E-D944B6D69016}.Release|Any CPU.Build.0 = Release|Any CPU
		{F4194556-E017-47C7-A76C-2C32A009CF9E}.Debug|Any CPU.ActiveCfg = Debug|Any CPU
		{F4194556-E017-47C7-A76C-2C32A009CF9E}.Debug|Any CPU.Build.0 = Debug|Any CPU
		{F4194556-E017-47C7-A76C-2C32A009CF9E}.Release|Any CPU.ActiveCfg = Release|Any CPU
		{F4194556-E017-47C7-A76C-2C32A009CF9E}.Release|Any CPU.Build.0 = Release|Any CPU
		{21F00F47-595D-4E1D-8C81-702C3017DA27}.Debug|Any CPU.ActiveCfg = Debug|Any CPU
		{21F00F47-595D-4E1D-8C81-702C3017DA27}.Debug|Any CPU.Build.0 = Debug|Any CPU
		{21F00F47-595D-4E1D-8C81-702C3017DA27}.Release|Any CPU.ActiveCfg = Release|Any CPU
		{21F00F47-595D-4E1D-8C81-702C3017DA27}.Release|Any CPU.Build.0 = Release|Any CPU
		{BE6B7345-AF15-4EDE-89B5-B828932094E6}.Debug|Any CPU.ActiveCfg = Debug|Any CPU
		{BE6B7345-AF15-4EDE-89B5-B828932094E6}.Debug|Any CPU.Build.0 = Debug|Any CPU
		{BE6B7345-AF15-4EDE-89B5-B828932094E6}.Release|Any CPU.ActiveCfg = Release|Any CPU
		{BE6B7345-AF15-4EDE-89B5-B828932094E6}.Release|Any CPU.Build.0 = Release|Any CPU
	EndGlobalSection
	GlobalSection(SolutionProperties) = preSolution
		HideSolutionNode = FALSE
	EndGlobalSection
	GlobalSection(NestedProjects) = preSolution
		{705CC5F1-0690-4603-854E-D944B6D69016} = {DFA4B553-8BF0-4714-986F-3EFE23003633}
		{F4194556-E017-47C7-A76C-2C32A009CF9E} = {595D9AA9-79DD-4DFE-A93D-10C323019A3D}
		{21F00F47-595D-4E1D-8C81-702C3017DA27} = {595D9AA9-79DD-4DFE-A93D-10C323019A3D}
		{BE6B7345-AF15-4EDE-89B5-B828932094E6} = {595D9AA9-79DD-4DFE-A93D-10C323019A3D}
	EndGlobalSection
	GlobalSection(ExtensibilityGlobals) = postSolution
		SolutionGuid = {F5DB785D-734E-4299-A1C6-C85D408ED598}
	EndGlobalSection
EndGlobal
