Microsoft Visual Studio Solution File, Format Version 12.00
# Visual Studio 15
VisualStudioVersion = 15.0.28010.2046
MinimumVisualStudioVersion = 10.0.40219.1
Project("{2150E333-8FDC-42A3-9474-1A3956D46DE8}") = "Presentation", "Presentation", "{DFA4B553-8BF0-4714-986F-3EFE23003633}"
EndProject
Project("{9A19103F-16F7-4668-BE54-9A1E7A4F7556}") = "Epiphyllum.TemanRS.Web.Api", "Presentation\Epiphyllum.TemanRS.Web.Api\Epiphyllum.TemanRS.Web.Api.csproj", "{705CC5F1-0690-4603-854E-D944B6D69016}"
EndProject
Project("{2150E333-8FDC-42A3-9474-1A3956D46DE8}") = "Libraries", "Libraries", "{595D9AA9-79DD-4DFE-A93D-10C323019A3D}"
EndProject
Project("{9A19103F-16F7-4668-BE54-9A1E7A4F7556}") = "Epiphyllum.TemanRS.Repositories", "Libraries\Epiphyllum.TemanRS.Repositories\Epiphyllum.TemanRS.Repositories.csproj", "{F4194556-E017-47C7-A76C-2C32A009CF9E}"
EndProject
Project("{9A19103F-16F7-4668-BE54-9A1E7A4F7556}") = "Epiphyllum.TemanRS.Services", "Libraries\Epiphyllum.TemanRS.Services\Epiphyllum.TemanRS.Services.csproj", "{21F00F47-595D-4E1D-8C81-702C3017DA27}"
EndProject
Project("{9A19103F-16F7-4668-BE54-9A1E7A4F7556}") = "Epiphyllum.TemanRS.Core", "Libraries\Epiphyllum.TemanRS.Core\Epiphyllum.TemanRS.Core.csproj", "{BE6B7345-AF15-4EDE-89B5-B828932094E6}"
EndProject
Project("{2150E333-8FDC-42A3-9474-1A3956D46DE8}") = "Tests", "Tests", "{04D305E3-BCE2-4574-9296-4A9A0FA55CD2}"
EndProject
Project("{9A19103F-16F7-4668-BE54-9A1E7A4F7556}") = "Epiphyllum.TemanRS.Unit.Tests", "Tests\Epiphyllum.TemanRS.Unit.Tests\Epiphyllum.TemanRS.Unit.Tests.csproj", "{432CB27B-C59F-4DAD-AFE5-E3E6C67D0F00}"
EndProject
Project("{9A19103F-16F7-4668-BE54-9A1E7A4F7556}") = "Epiphyllum.TemanRS.Integration.Tests", "Tests\Epiphyllum.TemanRS.Integration.Tests\Epiphyllum.TemanRS.Integration.Tests.csproj", "{129344F3-E3E2-4C0C-9870-7FA10F733ACA}"
EndProject
Global
	GlobalSection(SolutionConfigurationPlatforms) = preSolution
		Debug|Any CPU = Debug|Any CPU
		Release|Any CPU = Release|Any CPU
	EndGlobalSection
	GlobalSection(ProjectConfigurationPlatforms) = postSolution
		{705CC5F1-0690-4603-854E-D944B6D69016}.Debug|Any CPU.ActiveCfg = Debug|Any CPU
		{705CC5F1-0690-4603-854E-D944B6D69016}.Debug|Any CPU.Build.0 = Debug|Any CPU
		{705CC5F1-0690-4603-854E-D944B6D69016}.Release|Any CPU.ActiveCfg = Release|Any CPU
		{705CC5F1-0690-4603-854E-D944B6D69016}.Release|Any CPU.Build.0 = Release|Any CPU
		{F4194556-E017-47C7-A76C-2C32A009CF9E}.Debug|Any CPU.ActiveCfg = Debug|Any CPU
		{F4194556-E017-47C7-A76C-2C32A009CF9E}.Debug|Any CPU.Build.0 = Debug|Any CPU
		{F4194556-E017-47C7-A76C-2C32A009CF9E}.Release|Any CPU.ActiveCfg = Release|Any CPU
		{F4194556-E017-47C7-A76C-2C32A009CF9E}.Release|Any CPU.Build.0 = Release|Any CPU
		{21F00F47-595D-4E1D-8C81-702C3017DA27}.Debug|Any CPU.ActiveCfg = Debug|Any CPU
		{21F00F47-595D-4E1D-8C81-702C3017DA27}.Debug|Any CPU.Build.0 = Debug|Any CPU
		{21F00F47-595D-4E1D-8C81-702C3017DA27}.Release|Any CPU.ActiveCfg = Release|Any CPU
		{21F00F47-595D-4E1D-8C81-702C3017DA27}.Release|Any CPU.Build.0 = Release|Any CPU
		{BE6B7345-AF15-4EDE-89B5-B828932094E6}.Debug|Any CPU.ActiveCfg = Debug|Any CPU
		{BE6B7345-AF15-4EDE-89B5-B828932094E6}.Debug|Any CPU.Build.0 = Debug|Any CPU
		{BE6B7345-AF15-4EDE-89B5-B828932094E6}.Release|Any CPU.ActiveCfg = Release|Any CPU
		{BE6B7345-AF15-4EDE-89B5-B828932094E6}.Release|Any CPU.Build.0 = Release|Any CPU
		{432CB27B-C59F-4DAD-AFE5-E3E6C67D0F00}.Debug|Any CPU.ActiveCfg = Debug|Any CPU
		{432CB27B-C59F-4DAD-AFE5-E3E6C67D0F00}.Debug|Any CPU.Build.0 = Debug|Any CPU
		{432CB27B-C59F-4DAD-AFE5-E3E6C67D0F00}.Release|Any CPU.ActiveCfg = Release|Any CPU
		{432CB27B-C59F-4DAD-AFE5-E3E6C67D0F00}.Release|Any CPU.Build.0 = Release|Any CPU
		{129344F3-E3E2-4C0C-9870-7FA10F733ACA}.Debug|Any CPU.ActiveCfg = Debug|Any CPU
		{129344F3-E3E2-4C0C-9870-7FA10F733ACA}.Debug|Any CPU.Build.0 = Debug|Any CPU
		{129344F3-E3E2-4C0C-9870-7FA10F733ACA}.Release|Any CPU.ActiveCfg = Release|Any CPU
		{129344F3-E3E2-4C0C-9870-7FA10F733ACA}.Release|Any CPU.Build.0 = Release|Any CPU
	EndGlobalSection
	GlobalSection(SolutionProperties) = preSolution
		HideSolutionNode = FALSE
	EndGlobalSection
	GlobalSection(NestedProjects) = preSolution
		{705CC5F1-0690-4603-854E-D944B6D69016} = {DFA4B553-8BF0-4714-986F-3EFE23003633}
		{F4194556-E017-47C7-A76C-2C32A009CF9E} = {595D9AA9-79DD-4DFE-A93D-10C323019A3D}
		{21F00F47-595D-4E1D-8C81-702C3017DA27} = {595D9AA9-79DD-4DFE-A93D-10C323019A3D}
		{BE6B7345-AF15-4EDE-89B5-B828932094E6} = {595D9AA9-79DD-4DFE-A93D-10C323019A3D}
		{432CB27B-C59F-4DAD-AFE5-E3E6C67D0F00} = {04D305E3-BCE2-4574-9296-4A9A0FA55CD2}
		{129344F3-E3E2-4C0C-9870-7FA10F733ACA} = {04D305E3-BCE2-4574-9296-4A9A0FA55CD2}
	EndGlobalSection
	GlobalSection(ExtensibilityGlobals) = postSolution
		SolutionGuid = {F5DB785D-734E-4299-A1C6-C85D408ED598}
	EndGlobalSection
EndGlobal
